
Microsoft Visual Studio Solution File, Format Version 12.00
# Visual Studio Version 17
VisualStudioVersion = 17.0.31903.59
MinimumVisualStudioVersion = 10.0.40219.1
Project("{888888A0-9F3D-457C-B088-3A5042F75D52}") = "orctest", "orctest\orctest.pyproj", "{2B32C439-422B-40E8-B085-A8F50C91E819}"
EndProject
Global
	GlobalSection(SolutionConfigurationPlatforms) = preSolution
		Debug|Any CPU = Debug|Any CPU
		Release|Any CPU = Release|Any CPU
	EndGlobalSection
	GlobalSection(ProjectConfigurationPlatforms) = postSolution
		{2B32C439-422B-40E8-B085-A8F50C91E819}.Debug|Any CPU.ActiveCfg = Debug|Any CPU
		{2B32C439-422B-40E8-B085-A8F50C91E819}.Release|Any CPU.ActiveCfg = Release|Any CPU
	EndGlobalSection
	GlobalSection(SolutionProperties) = preSolution
		HideSolutionNode = FALSE
	EndGlobalSection
	GlobalSection(ExtensibilityGlobals) = postSolution
		SolutionGuid = {F33C07FA-BD20-4AEE-9AA6-EA83BCE1D3F4}
	EndGlobalSection
EndGlobal
